
Microsoft Visual Studio Solution File, Format Version 12.00
# Visual Studio Version 17
VisualStudioVersion = 17.7.34031.279
MinimumVisualStudioVersion = 10.0.40219.1
Project("{8BC9CEB8-8B4A-11D0-8D11-00A0C91BC942}") = "PB2-Rconpanel", "PB2-Rconpanel.vcxproj", "{F422F679-FD01-4670-B79C-056CC97F10F5}"
EndProject
Global
	GlobalSection(SolutionConfigurationPlatforms) = preSolution
		Debug|x64 = Debug|x64
		Release|x64 = Release|x64
		ReleaseWithAsserts|x64 = ReleaseWithAsserts|x64
	EndGlobalSection
	GlobalSection(ProjectConfigurationPlatforms) = postSolution
		{F422F679-FD01-4670-B79C-056CC97F10F5}.Debug|x64.ActiveCfg = Debug|x64
		{F422F679-FD01-4670-B79C-056CC97F10F5}.Debug|x64.Build.0 = Debug|x64
		{F422F679-FD01-4670-B79C-056CC97F10F5}.Release|x64.ActiveCfg = Release|x64
		{F422F679-FD01-4670-B79C-056CC97F10F5}.Release|x64.Build.0 = Release|x64
		{F422F679-FD01-4670-B79C-056CC97F10F5}.ReleaseWithAsserts|x64.ActiveCfg = ReleaseWithAsserts|x64
		{F422F679-FD01-4670-B79C-056CC97F10F5}.ReleaseWithAsserts|x64.Build.0 = ReleaseWithAsserts|x64
	EndGlobalSection
	GlobalSection(SolutionProperties) = preSolution
		HideSolutionNode = FALSE
	EndGlobalSection
	GlobalSection(ExtensibilityGlobals) = postSolution
		SolutionGuid = {4086E914-FB60-4B0E-AEB6-95EAE4939D33}
	EndGlobalSection
EndGlobal
